// !$*UTF8*$!
{
	archiveVersion = 1;
	classes = {
	};
	objectVersion = 55;
	objects = {

/* Begin PBXBuildFile section */
		4609EA80274CFF2E00F3BB48 /* AddProjectView.swift in Sources */ = {isa = PBXBuildFile; fileRef = 4609EA7F274CFF2E00F3BB48 /* AddProjectView.swift */; };
		4609EA82274D022800F3BB48 /* AddCardView.swift in Sources */ = {isa = PBXBuildFile; fileRef = 4609EA81274D022800F3BB48 /* AddCardView.swift */; };
		4652FD87274BA6A4009BE526 /* CardListView.swift in Sources */ = {isa = PBXBuildFile; fileRef = 4652FD86274BA6A4009BE526 /* CardListView.swift */; };
		4652FD89274BB463009BE526 /* SingleCardView.swift in Sources */ = {isa = PBXBuildFile; fileRef = 4652FD88274BB463009BE526 /* SingleCardView.swift */; };
		46F6116D274733B400708686 /* OnCueApp.swift in Sources */ = {isa = PBXBuildFile; fileRef = 46F6116C274733B400708686 /* OnCueApp.swift */; };
		46F6116F274733B400708686 /* ProjectListView.swift in Sources */ = {isa = PBXBuildFile; fileRef = 46F6116E274733B400708686 /* ProjectListView.swift */; };
		46F61171274733B500708686 /* Assets.xcassets in Resources */ = {isa = PBXBuildFile; fileRef = 46F61170274733B500708686 /* Assets.xcassets */; };
		46F61174274733B500708686 /* Preview Assets.xcassets in Resources */ = {isa = PBXBuildFile; fileRef = 46F61173274733B500708686 /* Preview Assets.xcassets */; };
		46F6118B274733FE00708686 /* PresentationView.swift in Sources */ = {isa = PBXBuildFile; fileRef = 46F6118A274733FE00708686 /* PresentationView.swift */; };
		46F6118D274733FE00708686 /* OnCueWatchApp.swift in Sources */ = {isa = PBXBuildFile; fileRef = 46F6118C274733FE00708686 /* OnCueWatchApp.swift */; };
		46F61191274733FE00708686 /* Assets.xcassets in Resources */ = {isa = PBXBuildFile; fileRef = 46F61190274733FE00708686 /* Assets.xcassets */; };
		46F61194274733FE00708686 /* Preview Assets.xcassets in Resources */ = {isa = PBXBuildFile; fileRef = 46F61193274733FE00708686 /* Preview Assets.xcassets */; };
		46F611A42747369200708686 /* Card.swift in Sources */ = {isa = PBXBuildFile; fileRef = 46F611A32747369200708686 /* Card.swift */; };
		46F611A7274736AA00708686 /* Defaults in Frameworks */ = {isa = PBXBuildFile; productRef = 46F611A6274736AA00708686 /* Defaults */; };
		46F611A8274736BD00708686 /* Card.swift in Sources */ = {isa = PBXBuildFile; fileRef = 46F611A32747369200708686 /* Card.swift */; };
		46F611AA2747370500708686 /* Project.swift in Sources */ = {isa = PBXBuildFile; fileRef = 46F611A92747370500708686 /* Project.swift */; };
		46F611AB2747370500708686 /* Project.swift in Sources */ = {isa = PBXBuildFile; fileRef = 46F611A92747370500708686 /* Project.swift */; };
		46F611AE274737A900708686 /* DefaultsConfig.swift in Sources */ = {isa = PBXBuildFile; fileRef = 46F611AD274737A900708686 /* DefaultsConfig.swift */; };
		46F611AF274737A900708686 /* DefaultsConfig.swift in Sources */ = {isa = PBXBuildFile; fileRef = 46F611AD274737A900708686 /* DefaultsConfig.swift */; };
		46F611B1274774D900708686 /* SingleProjectView.swift in Sources */ = {isa = PBXBuildFile; fileRef = 46F611B0274774D900708686 /* SingleProjectView.swift */; };
		46F611B22747784A00708686 /* Assets.xcassets in Resources */ = {isa = PBXBuildFile; fileRef = 46F61170274733B500708686 /* Assets.xcassets */; };
		46F611B52747789E00708686 /* ExtensionColor.swift in Sources */ = {isa = PBXBuildFile; fileRef = 46F611B42747789E00708686 /* ExtensionColor.swift */; };
/* End PBXBuildFile section */

/* Begin PBXCopyFilesBuildPhase section */
		46F611A0274733FE00708686 /* Embed Watch Content */ = {
			isa = PBXCopyFilesBuildPhase;
			buildActionMask = 2147483647;
			dstPath = "$(CONTENTS_FOLDER_PATH)/Watch";
			dstSubfolderSpec = 16;
			files = (
			);
			name = "Embed Watch Content";
			runOnlyForDeploymentPostprocessing = 0;
		};
/* End PBXCopyFilesBuildPhase section */

/* Begin PBXFileReference section */
		4609EA7F274CFF2E00F3BB48 /* AddProjectView.swift */ = {isa = PBXFileReference; lastKnownFileType = sourcecode.swift; path = AddProjectView.swift; sourceTree = "<group>"; };
		4609EA81274D022800F3BB48 /* AddCardView.swift */ = {isa = PBXFileReference; lastKnownFileType = sourcecode.swift; path = AddCardView.swift; sourceTree = "<group>"; };
		4652FD86274BA6A4009BE526 /* CardListView.swift */ = {isa = PBXFileReference; lastKnownFileType = sourcecode.swift; path = CardListView.swift; sourceTree = "<group>"; };
		4652FD88274BB463009BE526 /* SingleCardView.swift */ = {isa = PBXFileReference; lastKnownFileType = sourcecode.swift; path = SingleCardView.swift; sourceTree = "<group>"; };
		46F61169274733B400708686 /* OnCue.app */ = {isa = PBXFileReference; explicitFileType = wrapper.application; includeInIndex = 0; path = OnCue.app; sourceTree = BUILT_PRODUCTS_DIR; };
		46F6116C274733B400708686 /* OnCueApp.swift */ = {isa = PBXFileReference; lastKnownFileType = sourcecode.swift; path = OnCueApp.swift; sourceTree = "<group>"; };
		46F6116E274733B400708686 /* ProjectListView.swift */ = {isa = PBXFileReference; lastKnownFileType = sourcecode.swift; path = ProjectListView.swift; sourceTree = "<group>"; };
		46F61170274733B500708686 /* Assets.xcassets */ = {isa = PBXFileReference; lastKnownFileType = folder.assetcatalog; path = Assets.xcassets; sourceTree = "<group>"; };
		46F61173274733B500708686 /* Preview Assets.xcassets */ = {isa = PBXFileReference; lastKnownFileType = folder.assetcatalog; path = "Preview Assets.xcassets"; sourceTree = "<group>"; };
		46F61185274733FE00708686 /* WatchPresenter Extension.appex */ = {isa = PBXFileReference; explicitFileType = "wrapper.app-extension"; includeInIndex = 0; path = "WatchPresenter Extension.appex"; sourceTree = BUILT_PRODUCTS_DIR; };
		46F6118A274733FE00708686 /* PresentationView.swift */ = {isa = PBXFileReference; lastKnownFileType = sourcecode.swift; path = PresentationView.swift; sourceTree = "<group>"; };
		46F6118C274733FE00708686 /* OnCueWatchApp.swift */ = {isa = PBXFileReference; lastKnownFileType = sourcecode.swift; path = OnCueWatchApp.swift; sourceTree = "<group>"; };
		46F61190274733FE00708686 /* Assets.xcassets */ = {isa = PBXFileReference; lastKnownFileType = folder.assetcatalog; path = Assets.xcassets; sourceTree = "<group>"; };
		46F61193274733FE00708686 /* Preview Assets.xcassets */ = {isa = PBXFileReference; lastKnownFileType = folder.assetcatalog; path = "Preview Assets.xcassets"; sourceTree = "<group>"; };
		46F61195274733FE00708686 /* Info.plist */ = {isa = PBXFileReference; lastKnownFileType = text.plist.xml; path = Info.plist; sourceTree = "<group>"; };
		46F611A32747369200708686 /* Card.swift */ = {isa = PBXFileReference; lastKnownFileType = sourcecode.swift; path = Card.swift; sourceTree = "<group>"; };
		46F611A92747370500708686 /* Project.swift */ = {isa = PBXFileReference; lastKnownFileType = sourcecode.swift; path = Project.swift; sourceTree = "<group>"; };
		46F611AD274737A900708686 /* DefaultsConfig.swift */ = {isa = PBXFileReference; lastKnownFileType = sourcecode.swift; path = DefaultsConfig.swift; sourceTree = "<group>"; };
		46F611B0274774D900708686 /* SingleProjectView.swift */ = {isa = PBXFileReference; lastKnownFileType = sourcecode.swift; path = SingleProjectView.swift; sourceTree = "<group>"; };
		46F611B42747789E00708686 /* ExtensionColor.swift */ = {isa = PBXFileReference; lastKnownFileType = sourcecode.swift; path = ExtensionColor.swift; sourceTree = "<group>"; };
/* End PBXFileReference section */

/* Begin PBXFrameworksBuildPhase section */
		46F61166274733B400708686 /* Frameworks */ = {
			isa = PBXFrameworksBuildPhase;
			buildActionMask = 2147483647;
			files = (
				46F611A7274736AA00708686 /* Defaults in Frameworks */,
			);
			runOnlyForDeploymentPostprocessing = 0;
		};
		46F61182274733FE00708686 /* Frameworks */ = {
			isa = PBXFrameworksBuildPhase;
			buildActionMask = 2147483647;
			files = (
			);
			runOnlyForDeploymentPostprocessing = 0;
		};
/* End PBXFrameworksBuildPhase section */

/* Begin PBXGroup section */
		46F61160274733B400708686 = {
			isa = PBXGroup;
			children = (
				46F611A12747366B00708686 /* Shared */,
				46F6116B274733B400708686 /* OnCue */,
				46F61189274733FE00708686 /* WatchPresenter */,
				46F6116A274733B400708686 /* Products */,
			);
			sourceTree = "<group>";
		};
		46F6116A274733B400708686 /* Products */ = {
			isa = PBXGroup;
			children = (
				46F61169274733B400708686 /* OnCue.app */,
				46F61185274733FE00708686 /* WatchPresenter Extension.appex */,
			);
			name = Products;
			sourceTree = "<group>";
		};
		46F6116B274733B400708686 /* OnCue */ = {
			isa = PBXGroup;
			children = (
				46F6116C274733B400708686 /* OnCueApp.swift */,
				46F6117A274733C200708686 /* View */,
				46F611B32747788800708686 /* Util */,
				46F61170274733B500708686 /* Assets.xcassets */,
				46F61172274733B500708686 /* Preview Content */,
			);
			path = OnCue;
			sourceTree = "<group>";
		};
		46F61172274733B500708686 /* Preview Content */ = {
			isa = PBXGroup;
			children = (
				46F61173274733B500708686 /* Preview Assets.xcassets */,
			);
			path = "Preview Content";
			sourceTree = "<group>";
		};
		46F6117A274733C200708686 /* View */ = {
			isa = PBXGroup;
			children = (
				46F6116E274733B400708686 /* ProjectListView.swift */,
				4609EA7F274CFF2E00F3BB48 /* AddProjectView.swift */,
				46F611B0274774D900708686 /* SingleProjectView.swift */,
				4652FD86274BA6A4009BE526 /* CardListView.swift */,
				4609EA81274D022800F3BB48 /* AddCardView.swift */,
				4652FD88274BB463009BE526 /* SingleCardView.swift */,
			);
			path = View;
			sourceTree = "<group>";
		};
		46F61189274733FE00708686 /* WatchPresenter */ = {
			isa = PBXGroup;
			children = (
				46F6118C274733FE00708686 /* OnCueWatchApp.swift */,
				46F611AC2747375000708686 /* View */,
				46F61190274733FE00708686 /* Assets.xcassets */,
				46F61195274733FE00708686 /* Info.plist */,
				46F61192274733FE00708686 /* Preview Content */,
			);
			path = WatchPresenter;
			sourceTree = "<group>";
		};
		46F61192274733FE00708686 /* Preview Content */ = {
			isa = PBXGroup;
			children = (
				46F61193274733FE00708686 /* Preview Assets.xcassets */,
			);
			path = "Preview Content";
			sourceTree = "<group>";
		};
		46F611A12747366B00708686 /* Shared */ = {
			isa = PBXGroup;
			children = (
				46F611A22747367E00708686 /* Model */,
			);
			path = Shared;
			sourceTree = "<group>";
		};
		46F611A22747367E00708686 /* Model */ = {
			isa = PBXGroup;
			children = (
				46F611A32747369200708686 /* Card.swift */,
				46F611A92747370500708686 /* Project.swift */,
				46F611AD274737A900708686 /* DefaultsConfig.swift */,
			);
			path = Model;
			sourceTree = "<group>";
		};
		46F611AC2747375000708686 /* View */ = {
			isa = PBXGroup;
			children = (
				46F6118A274733FE00708686 /* PresentationView.swift */,
			);
			path = View;
			sourceTree = "<group>";
		};
		46F611B32747788800708686 /* Util */ = {
			isa = PBXGroup;
			children = (
				46F611B42747789E00708686 /* ExtensionColor.swift */,
			);
			path = Util;
			sourceTree = "<group>";
		};
/* End PBXGroup section */

/* Begin PBXNativeTarget section */
		46F61168274733B400708686 /* OnCue */ = {
			isa = PBXNativeTarget;
			buildConfigurationList = 46F61177274733B500708686 /* Build configuration list for PBXNativeTarget "OnCue" */;
			buildPhases = (
				46F61165274733B400708686 /* Sources */,
				46F61166274733B400708686 /* Frameworks */,
				46F61167274733B400708686 /* Resources */,
				46F611A0274733FE00708686 /* Embed Watch Content */,
			);
			buildRules = (
			);
			dependencies = (
			);
			name = OnCue;
			packageProductDependencies = (
				46F611A6274736AA00708686 /* Defaults */,
			);
			productName = OnCue;
			productReference = 46F61169274733B400708686 /* OnCue.app */;
			productType = "com.apple.product-type.application";
		};
		46F61184274733FE00708686 /* WatchPresenter Extension */ = {
			isa = PBXNativeTarget;
			buildConfigurationList = 46F61199274733FE00708686 /* Build configuration list for PBXNativeTarget "WatchPresenter Extension" */;
			buildPhases = (
				46F61181274733FE00708686 /* Sources */,
				46F61182274733FE00708686 /* Frameworks */,
				46F61183274733FE00708686 /* Resources */,
			);
			buildRules = (
			);
			dependencies = (
			);
			name = "WatchPresenter Extension";
			productName = "WatchPresenter WatchKit Extension";
			productReference = 46F61185274733FE00708686 /* WatchPresenter Extension.appex */;
			productType = "com.apple.product-type.watchkit2-extension";
		};
/* End PBXNativeTarget section */

/* Begin PBXProject section */
		46F61161274733B400708686 /* Project object */ = {
			isa = PBXProject;
			attributes = {
				BuildIndependentTargetsInParallel = 1;
				LastSwiftUpdateCheck = 1310;
				LastUpgradeCheck = 1310;
				TargetAttributes = {
					46F61168274733B400708686 = {
						CreatedOnToolsVersion = 13.1;
					};
					46F61184274733FE00708686 = {
						CreatedOnToolsVersion = 13.1;
					};
				};
			};
			buildConfigurationList = 46F61164274733B400708686 /* Build configuration list for PBXProject "OnCue" */;
			compatibilityVersion = "Xcode 13.0";
			developmentRegion = en;
			hasScannedForEncodings = 0;
			knownRegions = (
				en,
				Base,
			);
			mainGroup = 46F61160274733B400708686;
			packageReferences = (
				46F611A5274736AA00708686 /* XCRemoteSwiftPackageReference "Defaults" */,
			);
			productRefGroup = 46F6116A274733B400708686 /* Products */;
			projectDirPath = "";
			projectRoot = "";
			targets = (
				46F61168274733B400708686 /* OnCue */,
				46F61184274733FE00708686 /* WatchPresenter Extension */,
			);
		};
/* End PBXProject section */

/* Begin PBXResourcesBuildPhase section */
		46F61167274733B400708686 /* Resources */ = {
			isa = PBXResourcesBuildPhase;
			buildActionMask = 2147483647;
			files = (
				46F61174274733B500708686 /* Preview Assets.xcassets in Resources */,
				46F61171274733B500708686 /* Assets.xcassets in Resources */,
			);
			runOnlyForDeploymentPostprocessing = 0;
		};
		46F61183274733FE00708686 /* Resources */ = {
			isa = PBXResourcesBuildPhase;
			buildActionMask = 2147483647;
			files = (
				46F61194274733FE00708686 /* Preview Assets.xcassets in Resources */,
				46F611B22747784A00708686 /* Assets.xcassets in Resources */,
				46F61191274733FE00708686 /* Assets.xcassets in Resources */,
			);
			runOnlyForDeploymentPostprocessing = 0;
		};
/* End PBXResourcesBuildPhase section */

/* Begin PBXSourcesBuildPhase section */
		46F61165274733B400708686 /* Sources */ = {
			isa = PBXSourcesBuildPhase;
			buildActionMask = 2147483647;
			files = (
				4609EA80274CFF2E00F3BB48 /* AddProjectView.swift in Sources */,
				46F6116F274733B400708686 /* ProjectListView.swift in Sources */,
				46F611A42747369200708686 /* Card.swift in Sources */,
				4609EA82274D022800F3BB48 /* AddCardView.swift in Sources */,
				46F611B52747789E00708686 /* ExtensionColor.swift in Sources */,
				46F611B1274774D900708686 /* SingleProjectView.swift in Sources */,
				46F6116D274733B400708686 /* OnCueApp.swift in Sources */,
				46F611AA2747370500708686 /* Project.swift in Sources */,
				4652FD87274BA6A4009BE526 /* CardListView.swift in Sources */,
				46F611AE274737A900708686 /* DefaultsConfig.swift in Sources */,
				4652FD89274BB463009BE526 /* SingleCardView.swift in Sources */,
			);
			runOnlyForDeploymentPostprocessing = 0;
		};
		46F61181274733FE00708686 /* Sources */ = {
			isa = PBXSourcesBuildPhase;
			buildActionMask = 2147483647;
			files = (
				46F6118D274733FE00708686 /* OnCueWatchApp.swift in Sources */,
				46F611A8274736BD00708686 /* Card.swift in Sources */,
				46F6118B274733FE00708686 /* PresentationView.swift in Sources */,
				46F611AB2747370500708686 /* Project.swift in Sources */,
				46F611AF274737A900708686 /* DefaultsConfig.swift in Sources */,
			);
			runOnlyForDeploymentPostprocessing = 0;
		};
/* End PBXSourcesBuildPhase section */

/* Begin XCBuildConfiguration section */
		46F61175274733B500708686 /* Debug */ = {
			isa = XCBuildConfiguration;
			buildSettings = {
				ALWAYS_SEARCH_USER_PATHS = NO;
				CLANG_ANALYZER_NONNULL = YES;
				CLANG_ANALYZER_NUMBER_OBJECT_CONVERSION = YES_AGGRESSIVE;
				CLANG_CXX_LANGUAGE_STANDARD = "gnu++17";
				CLANG_CXX_LIBRARY = "libc++";
				CLANG_ENABLE_MODULES = YES;
				CLANG_ENABLE_OBJC_ARC = YES;
				CLANG_ENABLE_OBJC_WEAK = YES;
				CLANG_WARN_BLOCK_CAPTURE_AUTORELEASING = YES;
				CLANG_WARN_BOOL_CONVERSION = YES;
				CLANG_WARN_COMMA = YES;
				CLANG_WARN_CONSTANT_CONVERSION = YES;
				CLANG_WARN_DEPRECATED_OBJC_IMPLEMENTATIONS = YES;
				CLANG_WARN_DIRECT_OBJC_ISA_USAGE = YES_ERROR;
				CLANG_WARN_DOCUMENTATION_COMMENTS = YES;
				CLANG_WARN_EMPTY_BODY = YES;
				CLANG_WARN_ENUM_CONVERSION = YES;
				CLANG_WARN_INFINITE_RECURSION = YES;
				CLANG_WARN_INT_CONVERSION = YES;
				CLANG_WARN_NON_LITERAL_NULL_CONVERSION = YES;
				CLANG_WARN_OBJC_IMPLICIT_RETAIN_SELF = YES;
				CLANG_WARN_OBJC_LITERAL_CONVERSION = YES;
				CLANG_WARN_OBJC_ROOT_CLASS = YES_ERROR;
				CLANG_WARN_QUOTED_INCLUDE_IN_FRAMEWORK_HEADER = YES;
				CLANG_WARN_RANGE_LOOP_ANALYSIS = YES;
				CLANG_WARN_STRICT_PROTOTYPES = YES;
				CLANG_WARN_SUSPICIOUS_MOVE = YES;
				CLANG_WARN_UNGUARDED_AVAILABILITY = YES_AGGRESSIVE;
				CLANG_WARN_UNREACHABLE_CODE = YES;
				CLANG_WARN__DUPLICATE_METHOD_MATCH = YES;
				COPY_PHASE_STRIP = NO;
				DEBUG_INFORMATION_FORMAT = dwarf;
				ENABLE_STRICT_OBJC_MSGSEND = YES;
				ENABLE_TESTABILITY = YES;
				GCC_C_LANGUAGE_STANDARD = gnu11;
				GCC_DYNAMIC_NO_PIC = NO;
				GCC_NO_COMMON_BLOCKS = YES;
				GCC_OPTIMIZATION_LEVEL = 0;
				GCC_PREPROCESSOR_DEFINITIONS = (
					"DEBUG=1",
					"$(inherited)",
				);
				GCC_WARN_64_TO_32_BIT_CONVERSION = YES;
				GCC_WARN_ABOUT_RETURN_TYPE = YES_ERROR;
				GCC_WARN_UNDECLARED_SELECTOR = YES;
				GCC_WARN_UNINITIALIZED_AUTOS = YES_AGGRESSIVE;
				GCC_WARN_UNUSED_FUNCTION = YES;
				GCC_WARN_UNUSED_VARIABLE = YES;
				IPHONEOS_DEPLOYMENT_TARGET = 15.0;
				MTL_ENABLE_DEBUG_INFO = INCLUDE_SOURCE;
				MTL_FAST_MATH = YES;
				ONLY_ACTIVE_ARCH = YES;
				SDKROOT = iphoneos;
				SWIFT_ACTIVE_COMPILATION_CONDITIONS = DEBUG;
				SWIFT_OPTIMIZATION_LEVEL = "-Onone";
			};
			name = Debug;
		};
		46F61176274733B500708686 /* Release */ = {
			isa = XCBuildConfiguration;
			buildSettings = {
				ALWAYS_SEARCH_USER_PATHS = NO;
				CLANG_ANALYZER_NONNULL = YES;
				CLANG_ANALYZER_NUMBER_OBJECT_CONVERSION = YES_AGGRESSIVE;
				CLANG_CXX_LANGUAGE_STANDARD = "gnu++17";
				CLANG_CXX_LIBRARY = "libc++";
				CLANG_ENABLE_MODULES = YES;
				CLANG_ENABLE_OBJC_ARC = YES;
				CLANG_ENABLE_OBJC_WEAK = YES;
				CLANG_WARN_BLOCK_CAPTURE_AUTORELEASING = YES;
				CLANG_WARN_BOOL_CONVERSION = YES;
				CLANG_WARN_COMMA = YES;
				CLANG_WARN_CONSTANT_CONVERSION = YES;
				CLANG_WARN_DEPRECATED_OBJC_IMPLEMENTATIONS = YES;
				CLANG_WARN_DIRECT_OBJC_ISA_USAGE = YES_ERROR;
				CLANG_WARN_DOCUMENTATION_COMMENTS = YES;
				CLANG_WARN_EMPTY_BODY = YES;
				CLANG_WARN_ENUM_CONVERSION = YES;
				CLANG_WARN_INFINITE_RECURSION = YES;
				CLANG_WARN_INT_CONVERSION = YES;
				CLANG_WARN_NON_LITERAL_NULL_CONVERSION = YES;
				CLANG_WARN_OBJC_IMPLICIT_RETAIN_SELF = YES;
				CLANG_WARN_OBJC_LITERAL_CONVERSION = YES;
				CLANG_WARN_OBJC_ROOT_CLASS = YES_ERROR;
				CLANG_WARN_QUOTED_INCLUDE_IN_FRAMEWORK_HEADER = YES;
				CLANG_WARN_RANGE_LOOP_ANALYSIS = YES;
				CLANG_WARN_STRICT_PROTOTYPES = YES;
				CLANG_WARN_SUSPICIOUS_MOVE = YES;
				CLANG_WARN_UNGUARDED_AVAILABILITY = YES_AGGRESSIVE;
				CLANG_WARN_UNREACHABLE_CODE = YES;
				CLANG_WARN__DUPLICATE_METHOD_MATCH = YES;
				COPY_PHASE_STRIP = NO;
				DEBUG_INFORMATION_FORMAT = "dwarf-with-dsym";
				ENABLE_NS_ASSERTIONS = NO;
				ENABLE_STRICT_OBJC_MSGSEND = YES;
				GCC_C_LANGUAGE_STANDARD = gnu11;
				GCC_NO_COMMON_BLOCKS = YES;
				GCC_WARN_64_TO_32_BIT_CONVERSION = YES;
				GCC_WARN_ABOUT_RETURN_TYPE = YES_ERROR;
				GCC_WARN_UNDECLARED_SELECTOR = YES;
				GCC_WARN_UNINITIALIZED_AUTOS = YES_AGGRESSIVE;
				GCC_WARN_UNUSED_FUNCTION = YES;
				GCC_WARN_UNUSED_VARIABLE = YES;
				IPHONEOS_DEPLOYMENT_TARGET = 15.0;
				MTL_ENABLE_DEBUG_INFO = NO;
				MTL_FAST_MATH = YES;
				SDKROOT = iphoneos;
				SWIFT_COMPILATION_MODE = wholemodule;
				SWIFT_OPTIMIZATION_LEVEL = "-O";
				VALIDATE_PRODUCT = YES;
			};
			name = Release;
		};
		46F61178274733B500708686 /* Debug */ = {
			isa = XCBuildConfiguration;
			buildSettings = {
				ASSETCATALOG_COMPILER_APPICON_NAME = AppIcon;
				ASSETCATALOG_COMPILER_GLOBAL_ACCENT_COLOR_NAME = AccentColor;
				CODE_SIGN_STYLE = Automatic;
				CURRENT_PROJECT_VERSION = 1;
				DEVELOPMENT_ASSET_PATHS = "\"OnCue/Preview Content\"";
				DEVELOPMENT_TEAM = 68S22HWFQ4;
				ENABLE_PREVIEWS = YES;
				GENERATE_INFOPLIST_FILE = YES;
				INFOPLIST_KEY_UIApplicationSceneManifest_Generation = YES;
				INFOPLIST_KEY_UIApplicationSupportsIndirectInputEvents = YES;
				INFOPLIST_KEY_UILaunchScreen_Generation = YES;
				INFOPLIST_KEY_UISupportedInterfaceOrientations_iPad = "UIInterfaceOrientationPortrait UIInterfaceOrientationPortraitUpsideDown UIInterfaceOrientationLandscapeLeft UIInterfaceOrientationLandscapeRight";
				INFOPLIST_KEY_UISupportedInterfaceOrientations_iPhone = "UIInterfaceOrientationPortrait UIInterfaceOrientationLandscapeLeft UIInterfaceOrientationLandscapeRight";
				LD_RUNPATH_SEARCH_PATHS = (
					"$(inherited)",
					"@executable_path/Frameworks",
				);
				MARKETING_VERSION = 1.0;
				PRODUCT_BUNDLE_IDENTIFIER = breadone.OnCue;
				PRODUCT_NAME = "$(TARGET_NAME)";
				SWIFT_EMIT_LOC_STRINGS = YES;
				SWIFT_VERSION = 5.0;
				TARGETED_DEVICE_FAMILY = "1,2";
			};
			name = Debug;
		};
		46F61179274733B500708686 /* Release */ = {
			isa = XCBuildConfiguration;
			buildSettings = {
				ASSETCATALOG_COMPILER_APPICON_NAME = AppIcon;
				ASSETCATALOG_COMPILER_GLOBAL_ACCENT_COLOR_NAME = AccentColor;
				CODE_SIGN_STYLE = Automatic;
				CURRENT_PROJECT_VERSION = 1;
				DEVELOPMENT_ASSET_PATHS = "\"OnCue/Preview Content\"";
				DEVELOPMENT_TEAM = 68S22HWFQ4;
				ENABLE_PREVIEWS = YES;
				GENERATE_INFOPLIST_FILE = YES;
				INFOPLIST_KEY_UIApplicationSceneManifest_Generation = YES;
				INFOPLIST_KEY_UIApplicationSupportsIndirectInputEvents = YES;
				INFOPLIST_KEY_UILaunchScreen_Generation = YES;
				INFOPLIST_KEY_UISupportedInterfaceOrientations_iPad = "UIInterfaceOrientationPortrait UIInterfaceOrientationPortraitUpsideDown UIInterfaceOrientationLandscapeLeft UIInterfaceOrientationLandscapeRight";
				INFOPLIST_KEY_UISupportedInterfaceOrientations_iPhone = "UIInterfaceOrientationPortrait UIInterfaceOrientationLandscapeLeft UIInterfaceOrientationLandscapeRight";
				LD_RUNPATH_SEARCH_PATHS = (
					"$(inherited)",
					"@executable_path/Frameworks",
				);
				MARKETING_VERSION = 1.0;
				PRODUCT_BUNDLE_IDENTIFIER = breadone.OnCue;
				PRODUCT_NAME = "$(TARGET_NAME)";
				SWIFT_EMIT_LOC_STRINGS = YES;
				SWIFT_VERSION = 5.0;
				TARGETED_DEVICE_FAMILY = "1,2";
			};
			name = Release;
		};
		46F6119A274733FE00708686 /* Debug */ = {
			isa = XCBuildConfiguration;
			buildSettings = {
				ASSETCATALOG_COMPILER_COMPLICATION_NAME = Complication;
				CODE_SIGN_STYLE = Automatic;
				CURRENT_PROJECT_VERSION = 1;
				DEVELOPMENT_ASSET_PATHS = "\"WatchPresenter WatchKit Extension/Preview Content\"";
				DEVELOPMENT_TEAM = 68S22HWFQ4;
				ENABLE_PREVIEWS = YES;
				GENERATE_INFOPLIST_FILE = YES;
				INFOPLIST_FILE = "WatchPresenter WatchKit Extension/Info.plist";
				INFOPLIST_KEY_CFBundleDisplayName = OnCue;
				INFOPLIST_KEY_CLKComplicationPrincipalClass = WatchPresenter_WatchKit_Extension.ComplicationController;
				INFOPLIST_KEY_NSHumanReadableCopyright = "";
				LD_RUNPATH_SEARCH_PATHS = (
					"$(inherited)",
					"@executable_path/Frameworks",
					"@executable_path/../../Frameworks",
				);
				MARKETING_VERSION = 1.0;
				PRODUCT_BUNDLE_IDENTIFIER = breadone.OnCue.OnCueWatch;
				PRODUCT_NAME = "${TARGET_NAME}";
				SDKROOT = watchos;
				SKIP_INSTALL = YES;
				SWIFT_EMIT_LOC_STRINGS = YES;
				SWIFT_VERSION = 5.0;
				TARGETED_DEVICE_FAMILY = 4;
				WATCHOS_DEPLOYMENT_TARGET = 8.0;
			};
			name = Debug;
		};
		46F6119B274733FE00708686 /* Release */ = {
			isa = XCBuildConfiguration;
			buildSettings = {
				ASSETCATALOG_COMPILER_COMPLICATION_NAME = Complication;
				CODE_SIGN_STYLE = Automatic;
				CURRENT_PROJECT_VERSION = 1;
				DEVELOPMENT_ASSET_PATHS = "\"WatchPresenter WatchKit Extension/Preview Content\"";
				DEVELOPMENT_TEAM = 68S22HWFQ4;
				ENABLE_PREVIEWS = YES;
				GENERATE_INFOPLIST_FILE = YES;
				INFOPLIST_FILE = "WatchPresenter WatchKit Extension/Info.plist";
				INFOPLIST_KEY_CFBundleDisplayName = OnCue;
				INFOPLIST_KEY_CLKComplicationPrincipalClass = WatchPresenter_WatchKit_Extension.ComplicationController;
				INFOPLIST_KEY_NSHumanReadableCopyright = "";
				LD_RUNPATH_SEARCH_PATHS = (
					"$(inherited)",
					"@executable_path/Frameworks",
					"@executable_path/../../Frameworks",
				);
				MARKETING_VERSION = 1.0;
				PRODUCT_BUNDLE_IDENTIFIER = breadone.OnCue.OnCueWatch;
				PRODUCT_NAME = "${TARGET_NAME}";
				SDKROOT = watchos;
				SKIP_INSTALL = YES;
				SWIFT_EMIT_LOC_STRINGS = YES;
				SWIFT_VERSION = 5.0;
				TARGETED_DEVICE_FAMILY = 4;
				WATCHOS_DEPLOYMENT_TARGET = 8.0;
			};
			name = Release;
		};
/* End XCBuildConfiguration section */

/* Begin XCConfigurationList section */
		46F61164274733B400708686 /* Build configuration list for PBXProject "OnCue" */ = {
			isa = XCConfigurationList;
			buildConfigurations = (
				46F61175274733B500708686 /* Debug */,
				46F61176274733B500708686 /* Release */,
			);
			defaultConfigurationIsVisible = 0;
			defaultConfigurationName = Release;
		};
		46F61177274733B500708686 /* Build configuration list for PBXNativeTarget "OnCue" */ = {
			isa = XCConfigurationList;
			buildConfigurations = (
				46F61178274733B500708686 /* Debug */,
				46F61179274733B500708686 /* Release */,
			);
			defaultConfigurationIsVisible = 0;
			defaultConfigurationName = Release;
		};
		46F61199274733FE00708686 /* Build configuration list for PBXNativeTarget "WatchPresenter Extension" */ = {
			isa = XCConfigurationList;
			buildConfigurations = (
				46F6119A274733FE00708686 /* Debug */,
				46F6119B274733FE00708686 /* Release */,
			);
			defaultConfigurationIsVisible = 0;
			defaultConfigurationName = Release;
		};
/* End XCConfigurationList section */

/* Begin XCRemoteSwiftPackageReference section */
		46F611A5274736AA00708686 /* XCRemoteSwiftPackageReference "Defaults" */ = {
			isa = XCRemoteSwiftPackageReference;
			repositoryURL = "https://github.com/sindresorhus/Defaults";
			requirement = {
				kind = upToNextMajorVersion;
				minimumVersion = 6.0.0;
			};
		};
/* End XCRemoteSwiftPackageReference section */

/* Begin XCSwiftPackageProductDependency section */
		46F611A6274736AA00708686 /* Defaults */ = {
			isa = XCSwiftPackageProductDependency;
			package = 46F611A5274736AA00708686 /* XCRemoteSwiftPackageReference "Defaults" */;
			productName = Defaults;
		};
/* End XCSwiftPackageProductDependency section */
	};
	rootObject = 46F61161274733B400708686 /* Project object */;
}
